{
  "name": "ant-theme-editor",
  "version": "0.1.0",
  "lockfileVersion": 1,
  "requires": true,
  "dependencies": {
    "graceful-fs": {
      "version": "4.1.11",
      "resolved": "https://registry.npmjs.org/graceful-fs/-/graceful-fs-4.1.11.tgz",
      "integrity": "sha1-Dovf5NHduIVNZOBOp8AOKgJuVlg=",
      "dev": true
    },
    "node-fs-writefile-promise": {
      "version": "1.0.0",
      "resolved": "https://registry.npmjs.org/node-fs-writefile-promise/-/node-fs-writefile-promise-1.0.0.tgz",
      "integrity": "sha1-IhhPFyBhasD+rpVahowN/76I8Kw=",
      "dev": true,
      "requires": {
        "graceful-fs": "4.1.11"
      }
    }
  }
}
